
Microsoft Visual Studio Solution File, Format Version 12.00
# Visual Studio 15
VisualStudioVersion = 15.0.28307.271
MinimumVisualStudioVersion = 10.0.40219.1
Project("{FAE04EC0-301F-11D3-BF4B-00C04F79EFBC}") = "appBanca", "appBanca\appBanca.csproj", "{41397807-FB88-40DE-8F55-5618A5496A23}"
EndProject
Global
	GlobalSection(SolutionConfigurationPlatforms) = preSolution
		Debug|Any CPU = Debug|Any CPU
		Release|Any CPU = Release|Any CPU
	EndGlobalSection
	GlobalSection(ProjectConfigurationPlatforms) = postSolution
		{41397807-FB88-40DE-8F55-5618A5496A23}.Debug|Any CPU.ActiveCfg = Debug|Any CPU
		{41397807-FB88-40DE-8F55-5618A5496A23}.Debug|Any CPU.Build.0 = Debug|Any CPU
		{41397807-FB88-40DE-8F55-5618A5496A23}.Release|Any CPU.ActiveCfg = Release|Any CPU
		{41397807-FB88-40DE-8F55-5618A5496A23}.Release|Any CPU.Build.0 = Release|Any CPU
	EndGlobalSection
	GlobalSection(SolutionProperties) = preSolution
		HideSolutionNode = FALSE
	EndGlobalSection
	GlobalSection(ExtensibilityGlobals) = postSolution
		SolutionGuid = {ED2E9B30-112A-4F99-A2D4-33B9C4B9CA08}
	EndGlobalSection
EndGlobal
